// !$*UTF8*$!
{
	archiveVersion = 1;
	classes = {
	};
	objectVersion = 54;
	objects = {

/* Begin PBXBuildFile section */
		FC3513C727BD8B3200EAFA76 /* AppDelegate.swift in Sources */ = {isa = PBXBuildFile; fileRef = FC3513C627BD8B3200EAFA76 /* AppDelegate.swift */; };
		FC3513CC27BD8B3200EAFA76 /* Game_Engine.xcdatamodeld in Sources */ = {isa = PBXBuildFile; fileRef = FC3513CA27BD8B3200EAFA76 /* Game_Engine.xcdatamodeld */; };
		FC3513CE27BD8B3300EAFA76 /* Assets.xcassets in Resources */ = {isa = PBXBuildFile; fileRef = FC3513CD27BD8B3300EAFA76 /* Assets.xcassets */; };
		FC3513D127BD8B3300EAFA76 /* Main.storyboard in Resources */ = {isa = PBXBuildFile; fileRef = FC3513CF27BD8B3300EAFA76 /* Main.storyboard */; };
		FC3513DC27BD8B3400EAFA76 /* Game_EngineTests.swift in Sources */ = {isa = PBXBuildFile; fileRef = FC3513DB27BD8B3400EAFA76 /* Game_EngineTests.swift */; };
		FC3513E627BD8B3400EAFA76 /* Game_EngineUITests.swift in Sources */ = {isa = PBXBuildFile; fileRef = FC3513E527BD8B3400EAFA76 /* Game_EngineUITests.swift */; };
		FC3513E827BD8B3400EAFA76 /* Game_EngineUITestsLaunchTests.swift in Sources */ = {isa = PBXBuildFile; fileRef = FC3513E727BD8B3400EAFA76 /* Game_EngineUITestsLaunchTests.swift */; };
		FC3513F627BD91CA00EAFA76 /* GameView.swift in Sources */ = {isa = PBXBuildFile; fileRef = FC3513F527BD91CA00EAFA76 /* GameView.swift */; };
		FC3513F827BDA3E300EAFA76 /* MyShaders.metal in Sources */ = {isa = PBXBuildFile; fileRef = FC3513F727BDA3E300EAFA76 /* MyShaders.metal */; };
		FCB23DDB27BF2A420025555E /* Types.swift in Sources */ = {isa = PBXBuildFile; fileRef = FCB23DDA27BF2A420025555E /* Types.swift */; };
		FCBFEE2227C06C9F00F5339D /* Engine.swift in Sources */ = {isa = PBXBuildFile; fileRef = FCBFEE2127C06C9F00F5339D /* Engine.swift */; };
		FCBFEE2427C07E6C00F5339D /* Preferences.swift in Sources */ = {isa = PBXBuildFile; fileRef = FCBFEE2327C07E6C00F5339D /* Preferences.swift */; };
		FCBFEE2627C0A87800F5339D /* ShaderLibrary.swift in Sources */ = {isa = PBXBuildFile; fileRef = FCBFEE2527C0A87800F5339D /* ShaderLibrary.swift */; };
		FCBFEE2827C0A89900F5339D /* VertexDescriptorLibrary.swift in Sources */ = {isa = PBXBuildFile; fileRef = FCBFEE2727C0A89900F5339D /* VertexDescriptorLibrary.swift */; };
		FCBFEE2A27C0A8B100F5339D /* RenderPipelineDescriptorLibrary.swift in Sources */ = {isa = PBXBuildFile; fileRef = FCBFEE2927C0A8B100F5339D /* RenderPipelineDescriptorLibrary.swift */; };
		FCBFEE2C27C0A8C800F5339D /* RenderPipelineStateLibrary.swift in Sources */ = {isa = PBXBuildFile; fileRef = FCBFEE2B27C0A8C800F5339D /* RenderPipelineStateLibrary.swift */; };
/* End PBXBuildFile section */

/* Begin PBXContainerItemProxy section */
		FC3513D827BD8B3400EAFA76 /* PBXContainerItemProxy */ = {
			isa = PBXContainerItemProxy;
			containerPortal = FC3513BB27BD8B3100EAFA76 /* Project object */;
			proxyType = 1;
			remoteGlobalIDString = FC3513C227BD8B3100EAFA76;
			remoteInfo = "Game Engine";
		};
		FC3513E227BD8B3400EAFA76 /* PBXContainerItemProxy */ = {
			isa = PBXContainerItemProxy;
			containerPortal = FC3513BB27BD8B3100EAFA76 /* Project object */;
			proxyType = 1;
			remoteGlobalIDString = FC3513C227BD8B3100EAFA76;
			remoteInfo = "Game Engine";
		};
/* End PBXContainerItemProxy section */

/* Begin PBXFileReference section */
		FC3513C327BD8B3100EAFA76 /* Game Engine.app */ = {isa = PBXFileReference; explicitFileType = wrapper.application; includeInIndex = 0; path = "Game Engine.app"; sourceTree = BUILT_PRODUCTS_DIR; };
		FC3513C627BD8B3200EAFA76 /* AppDelegate.swift */ = {isa = PBXFileReference; lastKnownFileType = sourcecode.swift; path = AppDelegate.swift; sourceTree = "<group>"; };
		FC3513CB27BD8B3200EAFA76 /* Game_Engine.xcdatamodel */ = {isa = PBXFileReference; lastKnownFileType = wrapper.xcdatamodel; path = Game_Engine.xcdatamodel; sourceTree = "<group>"; };
		FC3513CD27BD8B3300EAFA76 /* Assets.xcassets */ = {isa = PBXFileReference; lastKnownFileType = folder.assetcatalog; path = Assets.xcassets; sourceTree = "<group>"; };
		FC3513D027BD8B3300EAFA76 /* Base */ = {isa = PBXFileReference; lastKnownFileType = file.storyboard; name = Base; path = Base.lproj/Main.storyboard; sourceTree = "<group>"; };
		FC3513D227BD8B3300EAFA76 /* Game_Engine.entitlements */ = {isa = PBXFileReference; lastKnownFileType = text.plist.entitlements; path = Game_Engine.entitlements; sourceTree = "<group>"; };
		FC3513D727BD8B3400EAFA76 /* Game EngineTests.xctest */ = {isa = PBXFileReference; explicitFileType = wrapper.cfbundle; includeInIndex = 0; path = "Game EngineTests.xctest"; sourceTree = BUILT_PRODUCTS_DIR; };
		FC3513DB27BD8B3400EAFA76 /* Game_EngineTests.swift */ = {isa = PBXFileReference; lastKnownFileType = sourcecode.swift; path = Game_EngineTests.swift; sourceTree = "<group>"; };
		FC3513E127BD8B3400EAFA76 /* Game EngineUITests.xctest */ = {isa = PBXFileReference; explicitFileType = wrapper.cfbundle; includeInIndex = 0; path = "Game EngineUITests.xctest"; sourceTree = BUILT_PRODUCTS_DIR; };
		FC3513E527BD8B3400EAFA76 /* Game_EngineUITests.swift */ = {isa = PBXFileReference; lastKnownFileType = sourcecode.swift; path = Game_EngineUITests.swift; sourceTree = "<group>"; };
		FC3513E727BD8B3400EAFA76 /* Game_EngineUITestsLaunchTests.swift */ = {isa = PBXFileReference; lastKnownFileType = sourcecode.swift; path = Game_EngineUITestsLaunchTests.swift; sourceTree = "<group>"; };
		FC3513F527BD91CA00EAFA76 /* GameView.swift */ = {isa = PBXFileReference; lastKnownFileType = sourcecode.swift; path = GameView.swift; sourceTree = "<group>"; };
		FC3513F727BDA3E300EAFA76 /* MyShaders.metal */ = {isa = PBXFileReference; lastKnownFileType = sourcecode.metal; path = MyShaders.metal; sourceTree = "<group>"; };
		FCB23DDA27BF2A420025555E /* Types.swift */ = {isa = PBXFileReference; lastKnownFileType = sourcecode.swift; path = Types.swift; sourceTree = "<group>"; };
		FCBFEE2127C06C9F00F5339D /* Engine.swift */ = {isa = PBXFileReference; lastKnownFileType = sourcecode.swift; path = Engine.swift; sourceTree = "<group>"; };
		FCBFEE2327C07E6C00F5339D /* Preferences.swift */ = {isa = PBXFileReference; lastKnownFileType = sourcecode.swift; path = Preferences.swift; sourceTree = "<group>"; };
		FCBFEE2527C0A87800F5339D /* ShaderLibrary.swift */ = {isa = PBXFileReference; lastKnownFileType = sourcecode.swift; path = ShaderLibrary.swift; sourceTree = "<group>"; };
		FCBFEE2727C0A89900F5339D /* VertexDescriptorLibrary.swift */ = {isa = PBXFileReference; lastKnownFileType = sourcecode.swift; path = VertexDescriptorLibrary.swift; sourceTree = "<group>"; };
		FCBFEE2927C0A8B100F5339D /* RenderPipelineDescriptorLibrary.swift */ = {isa = PBXFileReference; lastKnownFileType = sourcecode.swift; path = RenderPipelineDescriptorLibrary.swift; sourceTree = "<group>"; };
		FCBFEE2B27C0A8C800F5339D /* RenderPipelineStateLibrary.swift */ = {isa = PBXFileReference; lastKnownFileType = sourcecode.swift; path = RenderPipelineStateLibrary.swift; sourceTree = "<group>"; };
/* End PBXFileReference section */

/* Begin PBXFrameworksBuildPhase section */
		FC3513C027BD8B3100EAFA76 /* Frameworks */ = {
			isa = PBXFrameworksBuildPhase;
			buildActionMask = 2147483647;
			files = (
			);
			runOnlyForDeploymentPostprocessing = 0;
		};
		FC3513D427BD8B3400EAFA76 /* Frameworks */ = {
			isa = PBXFrameworksBuildPhase;
			buildActionMask = 2147483647;
			files = (
			);
			runOnlyForDeploymentPostprocessing = 0;
		};
		FC3513DE27BD8B3400EAFA76 /* Frameworks */ = {
			isa = PBXFrameworksBuildPhase;
			buildActionMask = 2147483647;
			files = (
			);
			runOnlyForDeploymentPostprocessing = 0;
		};
/* End PBXFrameworksBuildPhase section */

/* Begin PBXGroup section */
		FC3513BA27BD8B3100EAFA76 = {
			isa = PBXGroup;
			children = (
				FC3513C527BD8B3200EAFA76 /* Game Engine */,
				FC3513DA27BD8B3400EAFA76 /* Game EngineTests */,
				FC3513E427BD8B3400EAFA76 /* Game EngineUITests */,
				FC3513C427BD8B3100EAFA76 /* Products */,
			);
			sourceTree = "<group>";
		};
		FC3513C427BD8B3100EAFA76 /* Products */ = {
			isa = PBXGroup;
			children = (
				FC3513C327BD8B3100EAFA76 /* Game Engine.app */,
				FC3513D727BD8B3400EAFA76 /* Game EngineTests.xctest */,
				FC3513E127BD8B3400EAFA76 /* Game EngineUITests.xctest */,
			);
			name = Products;
			sourceTree = "<group>";
		};
		FC3513C527BD8B3200EAFA76 /* Game Engine */ = {
			isa = PBXGroup;
			children = (
				FCBFEE2027C06C7C00F5339D /* Library */,
				FCBFEE1F27C06C5900F5339D /* Shaders */,
				FCBFEE1E27C06C1E00F5339D /* Display */,
				FCBFEE1D27C06BFD00F5339D /* Core */,
				FC3513F427BD8D2D00EAFA76 /* Other Files */,
			);
			path = "Game Engine";
			sourceTree = "<group>";
		};
		FC3513DA27BD8B3400EAFA76 /* Game EngineTests */ = {
			isa = PBXGroup;
			children = (
				FC3513DB27BD8B3400EAFA76 /* Game_EngineTests.swift */,
			);
			path = "Game EngineTests";
			sourceTree = "<group>";
		};
		FC3513E427BD8B3400EAFA76 /* Game EngineUITests */ = {
			isa = PBXGroup;
			children = (
				FC3513E527BD8B3400EAFA76 /* Game_EngineUITests.swift */,
				FC3513E727BD8B3400EAFA76 /* Game_EngineUITestsLaunchTests.swift */,
			);
			path = "Game EngineUITests";
			sourceTree = "<group>";
		};
		FC3513F427BD8D2D00EAFA76 /* Other Files */ = {
			isa = PBXGroup;
			children = (
				FC3513C627BD8B3200EAFA76 /* AppDelegate.swift */,
				FC3513CD27BD8B3300EAFA76 /* Assets.xcassets */,
				FC3513D227BD8B3300EAFA76 /* Game_Engine.entitlements */,
				FC3513CA27BD8B3200EAFA76 /* Game_Engine.xcdatamodeld */,
			);
			path = "Other Files";
			sourceTree = "<group>";
		};
		FCBFEE1D27C06BFD00F5339D /* Core */ = {
			isa = PBXGroup;
			children = (
				FCB23DDA27BF2A420025555E /* Types.swift */,
				FCBFEE2127C06C9F00F5339D /* Engine.swift */,
				FCBFEE2327C07E6C00F5339D /* Preferences.swift */,
			);
			path = Core;
			sourceTree = "<group>";
		};
		FCBFEE1E27C06C1E00F5339D /* Display */ = {
			isa = PBXGroup;
			children = (
				FC3513CF27BD8B3300EAFA76 /* Main.storyboard */,
				FC3513F527BD91CA00EAFA76 /* GameView.swift */,
			);
			path = Display;
			sourceTree = "<group>";
		};
		FCBFEE1F27C06C5900F5339D /* Shaders */ = {
			isa = PBXGroup;
			children = (
				FC3513F727BDA3E300EAFA76 /* MyShaders.metal */,
			);
			path = Shaders;
			sourceTree = "<group>";
		};
		FCBFEE2027C06C7C00F5339D /* Library */ = {
			isa = PBXGroup;
			children = (
				FCBFEE2527C0A87800F5339D /* ShaderLibrary.swift */,
				FCBFEE2727C0A89900F5339D /* VertexDescriptorLibrary.swift */,
				FCBFEE2927C0A8B100F5339D /* RenderPipelineDescriptorLibrary.swift */,
				FCBFEE2B27C0A8C800F5339D /* RenderPipelineStateLibrary.swift */,
			);
			path = Library;
			sourceTree = "<group>";
		};
/* End PBXGroup section */

/* Begin PBXNativeTarget section */
		FC3513C227BD8B3100EAFA76 /* Game Engine */ = {
			isa = PBXNativeTarget;
			buildConfigurationList = FC3513EB27BD8B3400EAFA76 /* Build configuration list for PBXNativeTarget "Game Engine" */;
			buildPhases = (
				FC3513BF27BD8B3100EAFA76 /* Sources */,
				FC3513C027BD8B3100EAFA76 /* Frameworks */,
				FC3513C127BD8B3100EAFA76 /* Resources */,
			);
			buildRules = (
			);
			dependencies = (
			);
			name = "Game Engine";
			productName = "Game Engine";
			productReference = FC3513C327BD8B3100EAFA76 /* Game Engine.app */;
			productType = "com.apple.product-type.application";
		};
		FC3513D627BD8B3400EAFA76 /* Game EngineTests */ = {
			isa = PBXNativeTarget;
			buildConfigurationList = FC3513EE27BD8B3400EAFA76 /* Build configuration list for PBXNativeTarget "Game EngineTests" */;
			buildPhases = (
				FC3513D327BD8B3400EAFA76 /* Sources */,
				FC3513D427BD8B3400EAFA76 /* Frameworks */,
				FC3513D527BD8B3400EAFA76 /* Resources */,
			);
			buildRules = (
			);
			dependencies = (
				FC3513D927BD8B3400EAFA76 /* PBXTargetDependency */,
			);
			name = "Game EngineTests";
			productName = "Game EngineTests";
			productReference = FC3513D727BD8B3400EAFA76 /* Game EngineTests.xctest */;
			productType = "com.apple.product-type.bundle.unit-test";
		};
		FC3513E027BD8B3400EAFA76 /* Game EngineUITests */ = {
			isa = PBXNativeTarget;
			buildConfigurationList = FC3513F127BD8B3400EAFA76 /* Build configuration list for PBXNativeTarget "Game EngineUITests" */;
			buildPhases = (
				FC3513DD27BD8B3400EAFA76 /* Sources */,
				FC3513DE27BD8B3400EAFA76 /* Frameworks */,
				FC3513DF27BD8B3400EAFA76 /* Resources */,
			);
			buildRules = (
			);
			dependencies = (
				FC3513E327BD8B3400EAFA76 /* PBXTargetDependency */,
			);
			name = "Game EngineUITests";
			productName = "Game EngineUITests";
			productReference = FC3513E127BD8B3400EAFA76 /* Game EngineUITests.xctest */;
			productType = "com.apple.product-type.bundle.ui-testing";
		};
/* End PBXNativeTarget section */

/* Begin PBXProject section */
		FC3513BB27BD8B3100EAFA76 /* Project object */ = {
			isa = PBXProject;
			attributes = {
				BuildIndependentTargetsInParallel = 1;
				LastSwiftUpdateCheck = 1320;
				LastUpgradeCheck = 1320;
				TargetAttributes = {
					FC3513C227BD8B3100EAFA76 = {
						CreatedOnToolsVersion = 13.2.1;
					};
					FC3513D627BD8B3400EAFA76 = {
						CreatedOnToolsVersion = 13.2.1;
						TestTargetID = FC3513C227BD8B3100EAFA76;
					};
					FC3513E027BD8B3400EAFA76 = {
						CreatedOnToolsVersion = 13.2.1;
						TestTargetID = FC3513C227BD8B3100EAFA76;
					};
				};
			};
			buildConfigurationList = FC3513BE27BD8B3100EAFA76 /* Build configuration list for PBXProject "Game Engine" */;
			compatibilityVersion = "Xcode 12.0";
			developmentRegion = en;
			hasScannedForEncodings = 0;
			knownRegions = (
				en,
				Base,
			);
			mainGroup = FC3513BA27BD8B3100EAFA76;
			productRefGroup = FC3513C427BD8B3100EAFA76 /* Products */;
			projectDirPath = "";
			projectRoot = "";
			targets = (
				FC3513C227BD8B3100EAFA76 /* Game Engine */,
				FC3513D627BD8B3400EAFA76 /* Game EngineTests */,
				FC3513E027BD8B3400EAFA76 /* Game EngineUITests */,
			);
		};
/* End PBXProject section */

/* Begin PBXResourcesBuildPhase section */
		FC3513C127BD8B3100EAFA76 /* Resources */ = {
			isa = PBXResourcesBuildPhase;
			buildActionMask = 2147483647;
			files = (
				FC3513CE27BD8B3300EAFA76 /* Assets.xcassets in Resources */,
				FC3513D127BD8B3300EAFA76 /* Main.storyboard in Resources */,
			);
			runOnlyForDeploymentPostprocessing = 0;
		};
		FC3513D527BD8B3400EAFA76 /* Resources */ = {
			isa = PBXResourcesBuildPhase;
			buildActionMask = 2147483647;
			files = (
			);
			runOnlyForDeploymentPostprocessing = 0;
		};
		FC3513DF27BD8B3400EAFA76 /* Resources */ = {
			isa = PBXResourcesBuildPhase;
			buildActionMask = 2147483647;
			files = (
			);
			runOnlyForDeploymentPostprocessing = 0;
		};
/* End PBXResourcesBuildPhase section */

/* Begin PBXSourcesBuildPhase section */
		FC3513BF27BD8B3100EAFA76 /* Sources */ = {
			isa = PBXSourcesBuildPhase;
			buildActionMask = 2147483647;
			files = (
				FCBFEE2A27C0A8B100F5339D /* RenderPipelineDescriptorLibrary.swift in Sources */,
				FCBFEE2827C0A89900F5339D /* VertexDescriptorLibrary.swift in Sources */,
				FC3513F827BDA3E300EAFA76 /* MyShaders.metal in Sources */,
				FCBFEE2427C07E6C00F5339D /* Preferences.swift in Sources */,
				FCBFEE2627C0A87800F5339D /* ShaderLibrary.swift in Sources */,
				FCBFEE2227C06C9F00F5339D /* Engine.swift in Sources */,
				FC3513C727BD8B3200EAFA76 /* AppDelegate.swift in Sources */,
				FC3513F627BD91CA00EAFA76 /* GameView.swift in Sources */,
				FCB23DDB27BF2A420025555E /* Types.swift in Sources */,
				FC3513CC27BD8B3200EAFA76 /* Game_Engine.xcdatamodeld in Sources */,
				FCBFEE2C27C0A8C800F5339D /* RenderPipelineStateLibrary.swift in Sources */,
			);
			runOnlyForDeploymentPostprocessing = 0;
		};
		FC3513D327BD8B3400EAFA76 /* Sources */ = {
			isa = PBXSourcesBuildPhase;
			buildActionMask = 2147483647;
			files = (
				FC3513DC27BD8B3400EAFA76 /* Game_EngineTests.swift in Sources */,
			);
			runOnlyForDeploymentPostprocessing = 0;
		};
		FC3513DD27BD8B3400EAFA76 /* Sources */ = {
			isa = PBXSourcesBuildPhase;
			buildActionMask = 2147483647;
			files = (
				FC3513E827BD8B3400EAFA76 /* Game_EngineUITestsLaunchTests.swift in Sources */,
				FC3513E627BD8B3400EAFA76 /* Game_EngineUITests.swift in Sources */,
			);
			runOnlyForDeploymentPostprocessing = 0;
		};
/* End PBXSourcesBuildPhase section */

/* Begin PBXTargetDependency section */
		FC3513D927BD8B3400EAFA76 /* PBXTargetDependency */ = {
			isa = PBXTargetDependency;
			target = FC3513C227BD8B3100EAFA76 /* Game Engine */;
			targetProxy = FC3513D827BD8B3400EAFA76 /* PBXContainerItemProxy */;
		};
		FC3513E327BD8B3400EAFA76 /* PBXTargetDependency */ = {
			isa = PBXTargetDependency;
			target = FC3513C227BD8B3100EAFA76 /* Game Engine */;
			targetProxy = FC3513E227BD8B3400EAFA76 /* PBXContainerItemProxy */;
		};
/* End PBXTargetDependency section */

/* Begin PBXVariantGroup section */
		FC3513CF27BD8B3300EAFA76 /* Main.storyboard */ = {
			isa = PBXVariantGroup;
			children = (
				FC3513D027BD8B3300EAFA76 /* Base */,
			);
			name = Main.storyboard;
			sourceTree = "<group>";
		};
/* End PBXVariantGroup section */

/* Begin XCBuildConfiguration section */
		FC3513E927BD8B3400EAFA76 /* Debug */ = {
			isa = XCBuildConfiguration;
			buildSettings = {
				ALWAYS_SEARCH_USER_PATHS = NO;
				CLANG_ANALYZER_NONNULL = YES;
				CLANG_ANALYZER_NUMBER_OBJECT_CONVERSION = YES_AGGRESSIVE;
				CLANG_CXX_LANGUAGE_STANDARD = "gnu++17";
				CLANG_CXX_LIBRARY = "libc++";
				CLANG_ENABLE_MODULES = YES;
				CLANG_ENABLE_OBJC_ARC = YES;
				CLANG_ENABLE_OBJC_WEAK = YES;
				CLANG_WARN_BLOCK_CAPTURE_AUTORELEASING = YES;
				CLANG_WARN_BOOL_CONVERSION = YES;
				CLANG_WARN_COMMA = YES;
				CLANG_WARN_CONSTANT_CONVERSION = YES;
				CLANG_WARN_DEPRECATED_OBJC_IMPLEMENTATIONS = YES;
				CLANG_WARN_DIRECT_OBJC_ISA_USAGE = YES_ERROR;
				CLANG_WARN_DOCUMENTATION_COMMENTS = YES;
				CLANG_WARN_EMPTY_BODY = YES;
				CLANG_WARN_ENUM_CONVERSION = YES;
				CLANG_WARN_INFINITE_RECURSION = YES;
				CLANG_WARN_INT_CONVERSION = YES;
				CLANG_WARN_NON_LITERAL_NULL_CONVERSION = YES;
				CLANG_WARN_OBJC_IMPLICIT_RETAIN_SELF = YES;
				CLANG_WARN_OBJC_LITERAL_CONVERSION = YES;
				CLANG_WARN_OBJC_ROOT_CLASS = YES_ERROR;
				CLANG_WARN_QUOTED_INCLUDE_IN_FRAMEWORK_HEADER = YES;
				CLANG_WARN_RANGE_LOOP_ANALYSIS = YES;
				CLANG_WARN_STRICT_PROTOTYPES = YES;
				CLANG_WARN_SUSPICIOUS_MOVE = YES;
				CLANG_WARN_UNGUARDED_AVAILABILITY = YES_AGGRESSIVE;
				CLANG_WARN_UNREACHABLE_CODE = YES;
				CLANG_WARN__DUPLICATE_METHOD_MATCH = YES;
				COPY_PHASE_STRIP = NO;
				DEBUG_INFORMATION_FORMAT = dwarf;
				ENABLE_STRICT_OBJC_MSGSEND = YES;
				ENABLE_TESTABILITY = YES;
				GCC_C_LANGUAGE_STANDARD = gnu11;
				GCC_DYNAMIC_NO_PIC = NO;
				GCC_NO_COMMON_BLOCKS = YES;
				GCC_OPTIMIZATION_LEVEL = 0;
				GCC_PREPROCESSOR_DEFINITIONS = (
					"DEBUG=1",
					"$(inherited)",
				);
				GCC_WARN_64_TO_32_BIT_CONVERSION = YES;
				GCC_WARN_ABOUT_RETURN_TYPE = YES_ERROR;
				GCC_WARN_UNDECLARED_SELECTOR = YES;
				GCC_WARN_UNINITIALIZED_AUTOS = YES_AGGRESSIVE;
				GCC_WARN_UNUSED_FUNCTION = YES;
				GCC_WARN_UNUSED_VARIABLE = YES;
				MACOSX_DEPLOYMENT_TARGET = 12.1;
				MTL_ENABLE_DEBUG_INFO = INCLUDE_SOURCE;
				MTL_FAST_MATH = YES;
				ONLY_ACTIVE_ARCH = YES;
				SDKROOT = macosx;
				SWIFT_ACTIVE_COMPILATION_CONDITIONS = DEBUG;
				SWIFT_OPTIMIZATION_LEVEL = "-Onone";
			};
			name = Debug;
		};
		FC3513EA27BD8B3400EAFA76 /* Release */ = {
			isa = XCBuildConfiguration;
			buildSettings = {
				ALWAYS_SEARCH_USER_PATHS = NO;
				CLANG_ANALYZER_NONNULL = YES;
				CLANG_ANALYZER_NUMBER_OBJECT_CONVERSION = YES_AGGRESSIVE;
				CLANG_CXX_LANGUAGE_STANDARD = "gnu++17";
				CLANG_CXX_LIBRARY = "libc++";
				CLANG_ENABLE_MODULES = YES;
				CLANG_ENABLE_OBJC_ARC = YES;
				CLANG_ENABLE_OBJC_WEAK = YES;
				CLANG_WARN_BLOCK_CAPTURE_AUTORELEASING = YES;
				CLANG_WARN_BOOL_CONVERSION = YES;
				CLANG_WARN_COMMA = YES;
				CLANG_WARN_CONSTANT_CONVERSION = YES;
				CLANG_WARN_DEPRECATED_OBJC_IMPLEMENTATIONS = YES;
				CLANG_WARN_DIRECT_OBJC_ISA_USAGE = YES_ERROR;
				CLANG_WARN_DOCUMENTATION_COMMENTS = YES;
				CLANG_WARN_EMPTY_BODY = YES;
				CLANG_WARN_ENUM_CONVERSION = YES;
				CLANG_WARN_INFINITE_RECURSION = YES;
				CLANG_WARN_INT_CONVERSION = YES;
				CLANG_WARN_NON_LITERAL_NULL_CONVERSION = YES;
				CLANG_WARN_OBJC_IMPLICIT_RETAIN_SELF = YES;
				CLANG_WARN_OBJC_LITERAL_CONVERSION = YES;
				CLANG_WARN_OBJC_ROOT_CLASS = YES_ERROR;
				CLANG_WARN_QUOTED_INCLUDE_IN_FRAMEWORK_HEADER = YES;
				CLANG_WARN_RANGE_LOOP_ANALYSIS = YES;
				CLANG_WARN_STRICT_PROTOTYPES = YES;
				CLANG_WARN_SUSPICIOUS_MOVE = YES;
				CLANG_WARN_UNGUARDED_AVAILABILITY = YES_AGGRESSIVE;
				CLANG_WARN_UNREACHABLE_CODE = YES;
				CLANG_WARN__DUPLICATE_METHOD_MATCH = YES;
				COPY_PHASE_STRIP = NO;
				DEBUG_INFORMATION_FORMAT = "dwarf-with-dsym";
				ENABLE_NS_ASSERTIONS = NO;
				ENABLE_STRICT_OBJC_MSGSEND = YES;
				GCC_C_LANGUAGE_STANDARD = gnu11;
				GCC_NO_COMMON_BLOCKS = YES;
				GCC_WARN_64_TO_32_BIT_CONVERSION = YES;
				GCC_WARN_ABOUT_RETURN_TYPE = YES_ERROR;
				GCC_WARN_UNDECLARED_SELECTOR = YES;
				GCC_WARN_UNINITIALIZED_AUTOS = YES_AGGRESSIVE;
				GCC_WARN_UNUSED_FUNCTION = YES;
				GCC_WARN_UNUSED_VARIABLE = YES;
				MACOSX_DEPLOYMENT_TARGET = 12.1;
				MTL_ENABLE_DEBUG_INFO = NO;
				MTL_FAST_MATH = YES;
				SDKROOT = macosx;
				SWIFT_COMPILATION_MODE = wholemodule;
				SWIFT_OPTIMIZATION_LEVEL = "-O";
			};
			name = Release;
		};
		FC3513EC27BD8B3400EAFA76 /* Debug */ = {
			isa = XCBuildConfiguration;
			buildSettings = {
				ASSETCATALOG_COMPILER_APPICON_NAME = AppIcon;
				ASSETCATALOG_COMPILER_GLOBAL_ACCENT_COLOR_NAME = AccentColor;
				CODE_SIGN_ENTITLEMENTS = "Game Engine/Game_Engine.entitlements";
				CODE_SIGN_STYLE = Automatic;
				COMBINE_HIDPI_IMAGES = YES;
				CURRENT_PROJECT_VERSION = 1;
				GENERATE_INFOPLIST_FILE = YES;
				INFOPLIST_KEY_NSHumanReadableCopyright = "";
				INFOPLIST_KEY_NSMainStoryboardFile = Main;
				INFOPLIST_KEY_NSPrincipalClass = NSApplication;
				LD_RUNPATH_SEARCH_PATHS = (
					"$(inherited)",
					"@executable_path/../Frameworks",
				);
				MARKETING_VERSION = 1.0;
				MTL_IGNORE_WARNINGS = YES;
				PRODUCT_BUNDLE_IDENTIFIER = "io.github.lingnie.Game-Engine";
				PRODUCT_NAME = "$(TARGET_NAME)";
				SWIFT_EMIT_LOC_STRINGS = YES;
				SWIFT_SUPPRESS_WARNINGS = YES;
				SWIFT_VERSION = 5.0;
			};
			name = Debug;
		};
		FC3513ED27BD8B3400EAFA76 /* Release */ = {
			isa = XCBuildConfiguration;
			buildSettings = {
				ASSETCATALOG_COMPILER_APPICON_NAME = AppIcon;
				ASSETCATALOG_COMPILER_GLOBAL_ACCENT_COLOR_NAME = AccentColor;
				CODE_SIGN_ENTITLEMENTS = "Game Engine/Game_Engine.entitlements";
				CODE_SIGN_STYLE = Automatic;
				COMBINE_HIDPI_IMAGES = YES;
				CURRENT_PROJECT_VERSION = 1;
				GENERATE_INFOPLIST_FILE = YES;
				INFOPLIST_KEY_NSHumanReadableCopyright = "";
				INFOPLIST_KEY_NSMainStoryboardFile = Main;
				INFOPLIST_KEY_NSPrincipalClass = NSApplication;
				LD_RUNPATH_SEARCH_PATHS = (
					"$(inherited)",
					"@executable_path/../Frameworks",
				);
				MARKETING_VERSION = 1.0;
				MTL_IGNORE_WARNINGS = YES;
				PRODUCT_BUNDLE_IDENTIFIER = "io.github.lingnie.Game-Engine";
				PRODUCT_NAME = "$(TARGET_NAME)";
				SWIFT_EMIT_LOC_STRINGS = YES;
				SWIFT_SUPPRESS_WARNINGS = YES;
				SWIFT_VERSION = 5.0;
			};
			name = Release;
		};
		FC3513EF27BD8B3400EAFA76 /* Debug */ = {
			isa = XCBuildConfiguration;
			buildSettings = {
				ALWAYS_EMBED_SWIFT_STANDARD_LIBRARIES = YES;
				BUNDLE_LOADER = "$(TEST_HOST)";
				CODE_SIGN_STYLE = Automatic;
				CURRENT_PROJECT_VERSION = 1;
				GENERATE_INFOPLIST_FILE = YES;
				MACOSX_DEPLOYMENT_TARGET = 12.1;
				MARKETING_VERSION = 1.0;
				PRODUCT_BUNDLE_IDENTIFIER = "io.github.lingnie.Game-EngineTests";
				PRODUCT_NAME = "$(TARGET_NAME)";
				SWIFT_EMIT_LOC_STRINGS = NO;
				SWIFT_VERSION = 5.0;
				TEST_HOST = "$(BUILT_PRODUCTS_DIR)/Game Engine.app/Contents/MacOS/Game Engine";
			};
			name = Debug;
		};
		FC3513F027BD8B3400EAFA76 /* Release */ = {
			isa = XCBuildConfiguration;
			buildSettings = {
				ALWAYS_EMBED_SWIFT_STANDARD_LIBRARIES = YES;
				BUNDLE_LOADER = "$(TEST_HOST)";
				CODE_SIGN_STYLE = Automatic;
				CURRENT_PROJECT_VERSION = 1;
				GENERATE_INFOPLIST_FILE = YES;
				MACOSX_DEPLOYMENT_TARGET = 12.1;
				MARKETING_VERSION = 1.0;
				PRODUCT_BUNDLE_IDENTIFIER = "io.github.lingnie.Game-EngineTests";
				PRODUCT_NAME = "$(TARGET_NAME)";
				SWIFT_EMIT_LOC_STRINGS = NO;
				SWIFT_VERSION = 5.0;
				TEST_HOST = "$(BUILT_PRODUCTS_DIR)/Game Engine.app/Contents/MacOS/Game Engine";
			};
			name = Release;
		};
		FC3513F227BD8B3400EAFA76 /* Debug */ = {
			isa = XCBuildConfiguration;
			buildSettings = {
				ALWAYS_EMBED_SWIFT_STANDARD_LIBRARIES = YES;
				CODE_SIGN_STYLE = Automatic;
				CURRENT_PROJECT_VERSION = 1;
				GENERATE_INFOPLIST_FILE = YES;
				MARKETING_VERSION = 1.0;
				PRODUCT_BUNDLE_IDENTIFIER = "io.github.lingnie.Game-EngineUITests";
				PRODUCT_NAME = "$(TARGET_NAME)";
				SWIFT_EMIT_LOC_STRINGS = NO;
				SWIFT_VERSION = 5.0;
				TEST_TARGET_NAME = "Game Engine";
			};
			name = Debug;
		};
		FC3513F327BD8B3400EAFA76 /* Release */ = {
			isa = XCBuildConfiguration;
			buildSettings = {
				ALWAYS_EMBED_SWIFT_STANDARD_LIBRARIES = YES;
				CODE_SIGN_STYLE = Automatic;
				CURRENT_PROJECT_VERSION = 1;
				GENERATE_INFOPLIST_FILE = YES;
				MARKETING_VERSION = 1.0;
				PRODUCT_BUNDLE_IDENTIFIER = "io.github.lingnie.Game-EngineUITests";
				PRODUCT_NAME = "$(TARGET_NAME)";
				SWIFT_EMIT_LOC_STRINGS = NO;
				SWIFT_VERSION = 5.0;
				TEST_TARGET_NAME = "Game Engine";
			};
			name = Release;
		};
/* End XCBuildConfiguration section */

/* Begin XCConfigurationList section */
		FC3513BE27BD8B3100EAFA76 /* Build configuration list for PBXProject "Game Engine" */ = {
			isa = XCConfigurationList;
			buildConfigurations = (
				FC3513E927BD8B3400EAFA76 /* Debug */,
				FC3513EA27BD8B3400EAFA76 /* Release */,
			);
			defaultConfigurationIsVisible = 0;
			defaultConfigurationName = Release;
		};
		FC3513EB27BD8B3400EAFA76 /* Build configuration list for PBXNativeTarget "Game Engine" */ = {
			isa = XCConfigurationList;
			buildConfigurations = (
				FC3513EC27BD8B3400EAFA76 /* Debug */,
				FC3513ED27BD8B3400EAFA76 /* Release */,
			);
			defaultConfigurationIsVisible = 0;
			defaultConfigurationName = Release;
		};
		FC3513EE27BD8B3400EAFA76 /* Build configuration list for PBXNativeTarget "Game EngineTests" */ = {
			isa = XCConfigurationList;
			buildConfigurations = (
				FC3513EF27BD8B3400EAFA76 /* Debug */,
				FC3513F027BD8B3400EAFA76 /* Release */,
			);
			defaultConfigurationIsVisible = 0;
			defaultConfigurationName = Release;
		};
		FC3513F127BD8B3400EAFA76 /* Build configuration list for PBXNativeTarget "Game EngineUITests" */ = {
			isa = XCConfigurationList;
			buildConfigurations = (
				FC3513F227BD8B3400EAFA76 /* Debug */,
				FC3513F327BD8B3400EAFA76 /* Release */,
			);
			defaultConfigurationIsVisible = 0;
			defaultConfigurationName = Release;
		};
/* End XCConfigurationList section */

/* Begin XCVersionGroup section */
		FC3513CA27BD8B3200EAFA76 /* Game_Engine.xcdatamodeld */ = {
			isa = XCVersionGroup;
			children = (
				FC3513CB27BD8B3200EAFA76 /* Game_Engine.xcdatamodel */,
			);
			currentVersion = FC3513CB27BD8B3200EAFA76 /* Game_Engine.xcdatamodel */;
			path = Game_Engine.xcdatamodeld;
			sourceTree = "<group>";
			versionGroupType = wrapper.xcdatamodel;
		};
/* End XCVersionGroup section */
	};
	rootObject = FC3513BB27BD8B3100EAFA76 /* Project object */;
}
